// !$*UTF8*$!
{
	archiveVersion = 1;
	classes = {
	};
	objectVersion = 56;
	objects = {

/* Begin PBXBuildFile section */
		0913631F2A80F13E0028669A /* mapMarker.swift in Sources */ = {isa = PBXBuildFile; fileRef = 0913631E2A80F13E0028669A /* mapMarker.swift */; };
		092037332A810022003FA716 /* TextField.swift in Sources */ = {isa = PBXBuildFile; fileRef = 092037322A810022003FA716 /* TextField.swift */; };
		0941D3A32A80D73700153D92 /* SelectVC.swift in Sources */ = {isa = PBXBuildFile; fileRef = 0941D3A22A80D73700153D92 /* SelectVC.swift */; };
		0941D3A52A80D76700153D92 /* UserJoinVC.swift in Sources */ = {isa = PBXBuildFile; fileRef = 0941D3A42A80D76700153D92 /* UserJoinVC.swift */; };
		0963D12A2A80DD070070D9ED /* LICENSE.txt in Resources */ = {isa = PBXBuildFile; fileRef = 0963D1202A80DD070070D9ED /* LICENSE.txt */; };
		0963D12B2A80DD070070D9ED /* Pretendard-Thin.otf in Resources */ = {isa = PBXBuildFile; fileRef = 0963D1212A80DD070070D9ED /* Pretendard-Thin.otf */; };
		0963D12C2A80DD070070D9ED /* Pretendard-Black.otf in Resources */ = {isa = PBXBuildFile; fileRef = 0963D1222A80DD070070D9ED /* Pretendard-Black.otf */; };
		0963D12D2A80DD070070D9ED /* Pretendard-ExtraLight.otf in Resources */ = {isa = PBXBuildFile; fileRef = 0963D1232A80DD070070D9ED /* Pretendard-ExtraLight.otf */; };
		0963D12E2A80DD070070D9ED /* Pretendard-Regular.otf in Resources */ = {isa = PBXBuildFile; fileRef = 0963D1242A80DD070070D9ED /* Pretendard-Regular.otf */; };
		0963D12F2A80DD070070D9ED /* Pretendard-ExtraBold.otf in Resources */ = {isa = PBXBuildFile; fileRef = 0963D1252A80DD070070D9ED /* Pretendard-ExtraBold.otf */; };
		0963D1302A80DD070070D9ED /* Pretendard-Medium.otf in Resources */ = {isa = PBXBuildFile; fileRef = 0963D1262A80DD070070D9ED /* Pretendard-Medium.otf */; };
		0963D1312A80DD070070D9ED /* Pretendard-SemiBold.otf in Resources */ = {isa = PBXBuildFile; fileRef = 0963D1272A80DD070070D9ED /* Pretendard-SemiBold.otf */; };
		0963D1322A80DD070070D9ED /* Pretendard-Bold.otf in Resources */ = {isa = PBXBuildFile; fileRef = 0963D1282A80DD070070D9ED /* Pretendard-Bold.otf */; };
		0963D1332A80DD070070D9ED /* Pretendard-Light.otf in Resources */ = {isa = PBXBuildFile; fileRef = 0963D1292A80DD070070D9ED /* Pretendard-Light.otf */; };
		096D1DB12A80CED000708B51 /* ChangePwVC.swift in Sources */ = {isa = PBXBuildFile; fileRef = 096D1DAF2A80CED000708B51 /* ChangePwVC.swift */; };
		096D1DB22A80CED000708B51 /* ContractVC.swift in Sources */ = {isa = PBXBuildFile; fileRef = 096D1DB02A80CED000708B51 /* ContractVC.swift */; };
		096D1DB42A80CF0200708B51 /* OwnerMenuEditVC.swift in Sources */ = {isa = PBXBuildFile; fileRef = 096D1DB32A80CF0200708B51 /* OwnerMenuEditVC.swift */; };
		096D1DB82A80CF1F00708B51 /* SoldVC.swift in Sources */ = {isa = PBXBuildFile; fileRef = 096D1DB52A80CF1F00708B51 /* SoldVC.swift */; };
		096D1DB92A80CF1F00708B51 /* PaywayVC.swift in Sources */ = {isa = PBXBuildFile; fileRef = 096D1DB62A80CF1F00708B51 /* PaywayVC.swift */; };
		096D1DBA2A80CF1F00708B51 /* RecordVC.swift in Sources */ = {isa = PBXBuildFile; fileRef = 096D1DB72A80CF1F00708B51 /* RecordVC.swift */; };
		096D1DBD2A80CF4C00708B51 /* StoreInfoVC.swift in Sources */ = {isa = PBXBuildFile; fileRef = 096D1DBB2A80CF4C00708B51 /* StoreInfoVC.swift */; };
		096D1DBE2A80CF4C00708B51 /* DoneVC.swift in Sources */ = {isa = PBXBuildFile; fileRef = 096D1DBC2A80CF4C00708B51 /* DoneVC.swift */; };
		096D1DC22A80CF5600708B51 /* Owner_Rental_ReturnVC.swift in Sources */ = {isa = PBXBuildFile; fileRef = 096D1DBF2A80CF5600708B51 /* Owner_Rental_ReturnVC.swift */; };
		096D1DC32A80CF5600708B51 /* StoreInfo.storyboard in Resources */ = {isa = PBXBuildFile; fileRef = 096D1DC02A80CF5600708B51 /* StoreInfo.storyboard */; };
		096D1DC42A80CF5600708B51 /* Rental_ReturnVC.swift in Sources */ = {isa = PBXBuildFile; fileRef = 096D1DC12A80CF5600708B51 /* Rental_ReturnVC.swift */; };
		096D1DC62A80CF8800708B51 /* SearchCell.swift in Sources */ = {isa = PBXBuildFile; fileRef = 096D1DC52A80CF8800708B51 /* SearchCell.swift */; };
		09CF04B12A6532E9002C9F8B /* SetLayout.swift in Sources */ = {isa = PBXBuildFile; fileRef = 09CF04B02A6532E9002C9F8B /* SetLayout.swift */; };
		09CF04B42A65333D002C9F8B /* SampleVC.swift in Sources */ = {isa = PBXBuildFile; fileRef = 09CF04B32A65333C002C9F8B /* SampleVC.swift */; };
		09CF04B72A653355002C9F8B /* SetFont.swift in Sources */ = {isa = PBXBuildFile; fileRef = 09CF04B62A653355002C9F8B /* SetFont.swift */; };
		09CF04C22A6533E6002C9F8B /* SampleModel.swift in Sources */ = {isa = PBXBuildFile; fileRef = 09CF04C12A6533E6002C9F8B /* SampleModel.swift */; };
		09CF04C42A6533F8002C9F8B /* Endpoint.swift in Sources */ = {isa = PBXBuildFile; fileRef = 09CF04C32A6533F8002C9F8B /* Endpoint.swift */; };
		09CF04C62A653415002C9F8B /* SampleManager.swift in Sources */ = {isa = PBXBuildFile; fileRef = 09CF04C52A653415002C9F8B /* SampleManager.swift */; };
		09CF04C82A65342B002C9F8B /* SampleAPI.swift in Sources */ = {isa = PBXBuildFile; fileRef = 09CF04C72A65342B002C9F8B /* SampleAPI.swift */; };
		09CF04D02A653477002C9F8B /* Auth.storyboard in Resources */ = {isa = PBXBuildFile; fileRef = 09CF04CF2A653477002C9F8B /* Auth.storyboard */; };
		09CF04D22A6534A0002C9F8B /* LoginVC.swift in Sources */ = {isa = PBXBuildFile; fileRef = 09CF04D12A6534A0002C9F8B /* LoginVC.swift */; };
		09CF04D62A6534D2002C9F8B /* UserVC.swift in Sources */ = {isa = PBXBuildFile; fileRef = 09CF04D52A6534D2002C9F8B /* UserVC.swift */; };
		09CF04D82A6534DB002C9F8B /* User.storyboard in Resources */ = {isa = PBXBuildFile; fileRef = 09CF04D72A6534DB002C9F8B /* User.storyboard */; };
		09CF04DA2A6534EC002C9F8B /* Owner.storyboard in Resources */ = {isa = PBXBuildFile; fileRef = 09CF04D92A6534EC002C9F8B /* Owner.storyboard */; };
		09CF04DC2A6534F6002C9F8B /* OwnerVC.swift in Sources */ = {isa = PBXBuildFile; fileRef = 09CF04DB2A6534F6002C9F8B /* OwnerVC.swift */; };
		09CF04DE2A65350D002C9F8B /* UserMenu.storyboard in Resources */ = {isa = PBXBuildFile; fileRef = 09CF04DD2A65350D002C9F8B /* UserMenu.storyboard */; };
		09CF04E02A653519002C9F8B /* UserMenuVC.swift in Sources */ = {isa = PBXBuildFile; fileRef = 09CF04DF2A653519002C9F8B /* UserMenuVC.swift */; };
		09CF04E22A653537002C9F8B /* MypageVC.swift in Sources */ = {isa = PBXBuildFile; fileRef = 09CF04E12A653537002C9F8B /* MypageVC.swift */; };
		09CF04E42A65353D002C9F8B /* Mypage.storyboard in Resources */ = {isa = PBXBuildFile; fileRef = 09CF04E32A65353D002C9F8B /* Mypage.storyboard */; };
		09CF04EC2A66B899002C9F8B /* OwnerMenuVC.swift in Sources */ = {isa = PBXBuildFile; fileRef = 09CF04EB2A66B899002C9F8B /* OwnerMenuVC.swift */; };
		09CF04EE2A66B8A6002C9F8B /* OwnerMenu.storyboard in Resources */ = {isa = PBXBuildFile; fileRef = 09CF04ED2A66B8A6002C9F8B /* OwnerMenu.storyboard */; };
		09CF04F12A66B91F002C9F8B /* Search.storyboard in Resources */ = {isa = PBXBuildFile; fileRef = 09CF04F02A66B91F002C9F8B /* Search.storyboard */; };
		09CF04F32A66B948002C9F8B /* SearchVC.swift in Sources */ = {isa = PBXBuildFile; fileRef = 09CF04F22A66B948002C9F8B /* SearchVC.swift */; };
		09CF04F62A66B98C002C9F8B /* AlarmVC.swift in Sources */ = {isa = PBXBuildFile; fileRef = 09CF04F52A66B98C002C9F8B /* AlarmVC.swift */; };
		09CF04F82A66B9A4002C9F8B /* Alarm.storyboard in Resources */ = {isa = PBXBuildFile; fileRef = 09CF04F72A66B9A4002C9F8B /* Alarm.storyboard */; };
		09D04EC12A80D1E0002F73A9 /* test.storyboard in Resources */ = {isa = PBXBuildFile; fileRef = 09D04EBD2A80D1E0002F73A9 /* test.storyboard */; };
		09D04EC22A80D1E0002F73A9 /* testVC.swift in Sources */ = {isa = PBXBuildFile; fileRef = 09D04EBE2A80D1E0002F73A9 /* testVC.swift */; };
		09D04EC32A80D1E0002F73A9 /* UserTabBarVC.swift in Sources */ = {isa = PBXBuildFile; fileRef = 09D04EBF2A80D1E0002F73A9 /* UserTabBarVC.swift */; };
		09D04EC42A80D1E0002F73A9 /* OwnerTabBarVC.swift in Sources */ = {isa = PBXBuildFile; fileRef = 09D04EC02A80D1E0002F73A9 /* OwnerTabBarVC.swift */; };
		09DD5B4F2A65308000EF986E /* AppDelegate.swift in Sources */ = {isa = PBXBuildFile; fileRef = 09DD5B4E2A65308000EF986E /* AppDelegate.swift */; };
		09DD5B512A65308000EF986E /* SceneDelegate.swift in Sources */ = {isa = PBXBuildFile; fileRef = 09DD5B502A65308000EF986E /* SceneDelegate.swift */; };
		09DD5B592A65308000EF986E /* PARASOL.xcdatamodeld in Sources */ = {isa = PBXBuildFile; fileRef = 09DD5B572A65308000EF986E /* PARASOL.xcdatamodeld */; };
		09DD5B5B2A65308000EF986E /* Assets.xcassets in Resources */ = {isa = PBXBuildFile; fileRef = 09DD5B5A2A65308000EF986E /* Assets.xcassets */; };
		09DD5B5E2A65308000EF986E /* LaunchScreen.storyboard in Resources */ = {isa = PBXBuildFile; fileRef = 09DD5B5C2A65308000EF986E /* LaunchScreen.storyboard */; };
		55A5D2252A817D19006AE177 /* OwnerJoinVC.swift in Sources */ = {isa = PBXBuildFile; fileRef = 55A5D2242A817D19006AE177 /* OwnerJoinVC.swift */; };
		84CBA5F5D38BF64042F87E40 /* Pods_PARASOL.framework in Frameworks */ = {isa = PBXBuildFile; fileRef = B1BA60A43B688696059FBECE /* Pods_PARASOL.framework */; };
/* End PBXBuildFile section */

/* Begin PBXFileReference section */
		0913631E2A80F13E0028669A /* mapMarker.swift */ = {isa = PBXFileReference; lastKnownFileType = sourcecode.swift; path = mapMarker.swift; sourceTree = "<group>"; };
		092037322A810022003FA716 /* TextField.swift */ = {isa = PBXFileReference; fileEncoding = 4; lastKnownFileType = sourcecode.swift; path = TextField.swift; sourceTree = "<group>"; };
		0941D3A22A80D73700153D92 /* SelectVC.swift */ = {isa = PBXFileReference; lastKnownFileType = sourcecode.swift; path = SelectVC.swift; sourceTree = "<group>"; };
		0941D3A42A80D76700153D92 /* UserJoinVC.swift */ = {isa = PBXFileReference; lastKnownFileType = sourcecode.swift; path = UserJoinVC.swift; sourceTree = "<group>"; };
		0963D1202A80DD070070D9ED /* LICENSE.txt */ = {isa = PBXFileReference; fileEncoding = 4; lastKnownFileType = text; path = LICENSE.txt; sourceTree = "<group>"; };
		0963D1212A80DD070070D9ED /* Pretendard-Thin.otf */ = {isa = PBXFileReference; lastKnownFileType = file; path = "Pretendard-Thin.otf"; sourceTree = "<group>"; };
		0963D1222A80DD070070D9ED /* Pretendard-Black.otf */ = {isa = PBXFileReference; lastKnownFileType = file; path = "Pretendard-Black.otf"; sourceTree = "<group>"; };
		0963D1232A80DD070070D9ED /* Pretendard-ExtraLight.otf */ = {isa = PBXFileReference; lastKnownFileType = file; path = "Pretendard-ExtraLight.otf"; sourceTree = "<group>"; };
		0963D1242A80DD070070D9ED /* Pretendard-Regular.otf */ = {isa = PBXFileReference; lastKnownFileType = file; path = "Pretendard-Regular.otf"; sourceTree = "<group>"; };
		0963D1252A80DD070070D9ED /* Pretendard-ExtraBold.otf */ = {isa = PBXFileReference; lastKnownFileType = file; path = "Pretendard-ExtraBold.otf"; sourceTree = "<group>"; };
		0963D1262A80DD070070D9ED /* Pretendard-Medium.otf */ = {isa = PBXFileReference; lastKnownFileType = file; path = "Pretendard-Medium.otf"; sourceTree = "<group>"; };
		0963D1272A80DD070070D9ED /* Pretendard-SemiBold.otf */ = {isa = PBXFileReference; lastKnownFileType = file; path = "Pretendard-SemiBold.otf"; sourceTree = "<group>"; };
		0963D1282A80DD070070D9ED /* Pretendard-Bold.otf */ = {isa = PBXFileReference; lastKnownFileType = file; path = "Pretendard-Bold.otf"; sourceTree = "<group>"; };
		0963D1292A80DD070070D9ED /* Pretendard-Light.otf */ = {isa = PBXFileReference; lastKnownFileType = file; path = "Pretendard-Light.otf"; sourceTree = "<group>"; };
		096D1DAF2A80CED000708B51 /* ChangePwVC.swift */ = {isa = PBXFileReference; fileEncoding = 4; lastKnownFileType = sourcecode.swift; path = ChangePwVC.swift; sourceTree = "<group>"; };
		096D1DB02A80CED000708B51 /* ContractVC.swift */ = {isa = PBXFileReference; fileEncoding = 4; lastKnownFileType = sourcecode.swift; path = ContractVC.swift; sourceTree = "<group>"; };
		096D1DB32A80CF0200708B51 /* OwnerMenuEditVC.swift */ = {isa = PBXFileReference; fileEncoding = 4; lastKnownFileType = sourcecode.swift; path = OwnerMenuEditVC.swift; sourceTree = "<group>"; };
		096D1DB52A80CF1F00708B51 /* SoldVC.swift */ = {isa = PBXFileReference; fileEncoding = 4; lastKnownFileType = sourcecode.swift; path = SoldVC.swift; sourceTree = "<group>"; };
		096D1DB62A80CF1F00708B51 /* PaywayVC.swift */ = {isa = PBXFileReference; fileEncoding = 4; lastKnownFileType = sourcecode.swift; path = PaywayVC.swift; sourceTree = "<group>"; };
		096D1DB72A80CF1F00708B51 /* RecordVC.swift */ = {isa = PBXFileReference; fileEncoding = 4; lastKnownFileType = sourcecode.swift; path = RecordVC.swift; sourceTree = "<group>"; };
		096D1DBB2A80CF4C00708B51 /* StoreInfoVC.swift */ = {isa = PBXFileReference; fileEncoding = 4; lastKnownFileType = sourcecode.swift; path = StoreInfoVC.swift; sourceTree = "<group>"; };
		096D1DBC2A80CF4C00708B51 /* DoneVC.swift */ = {isa = PBXFileReference; fileEncoding = 4; lastKnownFileType = sourcecode.swift; path = DoneVC.swift; sourceTree = "<group>"; };
		096D1DBF2A80CF5600708B51 /* Owner_Rental_ReturnVC.swift */ = {isa = PBXFileReference; fileEncoding = 4; lastKnownFileType = sourcecode.swift; path = Owner_Rental_ReturnVC.swift; sourceTree = "<group>"; };
		096D1DC02A80CF5600708B51 /* StoreInfo.storyboard */ = {isa = PBXFileReference; fileEncoding = 4; lastKnownFileType = file.storyboard; path = StoreInfo.storyboard; sourceTree = "<group>"; };
		096D1DC12A80CF5600708B51 /* Rental_ReturnVC.swift */ = {isa = PBXFileReference; fileEncoding = 4; lastKnownFileType = sourcecode.swift; path = Rental_ReturnVC.swift; sourceTree = "<group>"; };
		096D1DC52A80CF8800708B51 /* SearchCell.swift */ = {isa = PBXFileReference; fileEncoding = 4; lastKnownFileType = sourcecode.swift; path = SearchCell.swift; sourceTree = "<group>"; };
		09CF04B02A6532E9002C9F8B /* SetLayout.swift */ = {isa = PBXFileReference; lastKnownFileType = sourcecode.swift; path = SetLayout.swift; sourceTree = "<group>"; };
		09CF04B32A65333C002C9F8B /* SampleVC.swift */ = {isa = PBXFileReference; lastKnownFileType = sourcecode.swift; path = SampleVC.swift; sourceTree = "<group>"; };
		09CF04B62A653355002C9F8B /* SetFont.swift */ = {isa = PBXFileReference; lastKnownFileType = sourcecode.swift; path = SetFont.swift; sourceTree = "<group>"; };
		09CF04C12A6533E6002C9F8B /* SampleModel.swift */ = {isa = PBXFileReference; lastKnownFileType = sourcecode.swift; path = SampleModel.swift; sourceTree = "<group>"; };
		09CF04C32A6533F8002C9F8B /* Endpoint.swift */ = {isa = PBXFileReference; lastKnownFileType = sourcecode.swift; path = Endpoint.swift; sourceTree = "<group>"; };
		09CF04C52A653415002C9F8B /* SampleManager.swift */ = {isa = PBXFileReference; lastKnownFileType = sourcecode.swift; path = SampleManager.swift; sourceTree = "<group>"; };
		09CF04C72A65342B002C9F8B /* SampleAPI.swift */ = {isa = PBXFileReference; lastKnownFileType = sourcecode.swift; path = SampleAPI.swift; sourceTree = "<group>"; };
		09CF04CF2A653477002C9F8B /* Auth.storyboard */ = {isa = PBXFileReference; lastKnownFileType = file.storyboard; path = Auth.storyboard; sourceTree = "<group>"; };
		09CF04D12A6534A0002C9F8B /* LoginVC.swift */ = {isa = PBXFileReference; lastKnownFileType = sourcecode.swift; path = LoginVC.swift; sourceTree = "<group>"; };
		09CF04D52A6534D2002C9F8B /* UserVC.swift */ = {isa = PBXFileReference; lastKnownFileType = sourcecode.swift; path = UserVC.swift; sourceTree = "<group>"; };
		09CF04D72A6534DB002C9F8B /* User.storyboard */ = {isa = PBXFileReference; lastKnownFileType = file.storyboard; path = User.storyboard; sourceTree = "<group>"; };
		09CF04D92A6534EC002C9F8B /* Owner.storyboard */ = {isa = PBXFileReference; lastKnownFileType = file.storyboard; path = Owner.storyboard; sourceTree = "<group>"; };
		09CF04DB2A6534F6002C9F8B /* OwnerVC.swift */ = {isa = PBXFileReference; lastKnownFileType = sourcecode.swift; path = OwnerVC.swift; sourceTree = "<group>"; };
		09CF04DD2A65350D002C9F8B /* UserMenu.storyboard */ = {isa = PBXFileReference; lastKnownFileType = file.storyboard; path = UserMenu.storyboard; sourceTree = "<group>"; };
		09CF04DF2A653519002C9F8B /* UserMenuVC.swift */ = {isa = PBXFileReference; lastKnownFileType = sourcecode.swift; path = UserMenuVC.swift; sourceTree = "<group>"; };
		09CF04E12A653537002C9F8B /* MypageVC.swift */ = {isa = PBXFileReference; lastKnownFileType = sourcecode.swift; path = MypageVC.swift; sourceTree = "<group>"; };
		09CF04E32A65353D002C9F8B /* Mypage.storyboard */ = {isa = PBXFileReference; lastKnownFileType = file.storyboard; path = Mypage.storyboard; sourceTree = "<group>"; };
		09CF04EB2A66B899002C9F8B /* OwnerMenuVC.swift */ = {isa = PBXFileReference; lastKnownFileType = sourcecode.swift; path = OwnerMenuVC.swift; sourceTree = "<group>"; };
		09CF04ED2A66B8A6002C9F8B /* OwnerMenu.storyboard */ = {isa = PBXFileReference; lastKnownFileType = file.storyboard; path = OwnerMenu.storyboard; sourceTree = "<group>"; };
		09CF04F02A66B91F002C9F8B /* Search.storyboard */ = {isa = PBXFileReference; lastKnownFileType = file.storyboard; path = Search.storyboard; sourceTree = "<group>"; };
		09CF04F22A66B948002C9F8B /* SearchVC.swift */ = {isa = PBXFileReference; lastKnownFileType = sourcecode.swift; path = SearchVC.swift; sourceTree = "<group>"; };
		09CF04F52A66B98C002C9F8B /* AlarmVC.swift */ = {isa = PBXFileReference; lastKnownFileType = sourcecode.swift; path = AlarmVC.swift; sourceTree = "<group>"; };
		09CF04F72A66B9A4002C9F8B /* Alarm.storyboard */ = {isa = PBXFileReference; lastKnownFileType = file.storyboard; path = Alarm.storyboard; sourceTree = "<group>"; };
		09D04EBD2A80D1E0002F73A9 /* test.storyboard */ = {isa = PBXFileReference; fileEncoding = 4; lastKnownFileType = file.storyboard; path = test.storyboard; sourceTree = "<group>"; };
		09D04EBE2A80D1E0002F73A9 /* testVC.swift */ = {isa = PBXFileReference; fileEncoding = 4; lastKnownFileType = sourcecode.swift; path = testVC.swift; sourceTree = "<group>"; };
		09D04EBF2A80D1E0002F73A9 /* UserTabBarVC.swift */ = {isa = PBXFileReference; fileEncoding = 4; lastKnownFileType = sourcecode.swift; path = UserTabBarVC.swift; sourceTree = "<group>"; };
		09D04EC02A80D1E0002F73A9 /* OwnerTabBarVC.swift */ = {isa = PBXFileReference; fileEncoding = 4; lastKnownFileType = sourcecode.swift; path = OwnerTabBarVC.swift; sourceTree = "<group>"; };
		09DD5B4B2A65308000EF986E /* PARASOL.app */ = {isa = PBXFileReference; explicitFileType = wrapper.application; includeInIndex = 0; path = PARASOL.app; sourceTree = BUILT_PRODUCTS_DIR; };
		09DD5B4E2A65308000EF986E /* AppDelegate.swift */ = {isa = PBXFileReference; lastKnownFileType = sourcecode.swift; path = AppDelegate.swift; sourceTree = "<group>"; };
		09DD5B502A65308000EF986E /* SceneDelegate.swift */ = {isa = PBXFileReference; lastKnownFileType = sourcecode.swift; path = SceneDelegate.swift; sourceTree = "<group>"; };
		09DD5B582A65308000EF986E /* PARASOL.xcdatamodel */ = {isa = PBXFileReference; lastKnownFileType = wrapper.xcdatamodel; path = PARASOL.xcdatamodel; sourceTree = "<group>"; };
		09DD5B5A2A65308000EF986E /* Assets.xcassets */ = {isa = PBXFileReference; lastKnownFileType = folder.assetcatalog; path = Assets.xcassets; sourceTree = "<group>"; };
		09DD5B5D2A65308000EF986E /* Base */ = {isa = PBXFileReference; lastKnownFileType = file.storyboard; name = Base; path = Base.lproj/LaunchScreen.storyboard; sourceTree = "<group>"; };
		09DD5B5F2A65308000EF986E /* Info.plist */ = {isa = PBXFileReference; lastKnownFileType = text.plist.xml; path = Info.plist; sourceTree = "<group>"; };
		55A5D2242A817D19006AE177 /* OwnerJoinVC.swift */ = {isa = PBXFileReference; fileEncoding = 4; lastKnownFileType = sourcecode.swift; path = OwnerJoinVC.swift; sourceTree = "<group>"; };
		7F0289CCCC0DCC3A7DA1A916 /* Pods-PARASOL.release.xcconfig */ = {isa = PBXFileReference; includeInIndex = 1; lastKnownFileType = text.xcconfig; name = "Pods-PARASOL.release.xcconfig"; path = "Target Support Files/Pods-PARASOL/Pods-PARASOL.release.xcconfig"; sourceTree = "<group>"; };
		B1BA60A43B688696059FBECE /* Pods_PARASOL.framework */ = {isa = PBXFileReference; explicitFileType = wrapper.framework; includeInIndex = 0; path = Pods_PARASOL.framework; sourceTree = BUILT_PRODUCTS_DIR; };
		ECE4F505D63B149AD3B00A99 /* Pods-PARASOL.debug.xcconfig */ = {isa = PBXFileReference; includeInIndex = 1; lastKnownFileType = text.xcconfig; name = "Pods-PARASOL.debug.xcconfig"; path = "Target Support Files/Pods-PARASOL/Pods-PARASOL.debug.xcconfig"; sourceTree = "<group>"; };
/* End PBXFileReference section */

/* Begin PBXFrameworksBuildPhase section */
		09DD5B482A65308000EF986E /* Frameworks */ = {
			isa = PBXFrameworksBuildPhase;
			buildActionMask = 2147483647;
			files = (
				84CBA5F5D38BF64042F87E40 /* Pods_PARASOL.framework in Frameworks */,
			);
			runOnlyForDeploymentPostprocessing = 0;
		};
/* End PBXFrameworksBuildPhase section */

/* Begin PBXGroup section */
		0963D11F2A80DC9D0070D9ED /* Fonts */ = {
			isa = PBXGroup;
			children = (
				0963D1202A80DD070070D9ED /* LICENSE.txt */,
				0963D1222A80DD070070D9ED /* Pretendard-Black.otf */,
				0963D1282A80DD070070D9ED /* Pretendard-Bold.otf */,
				0963D1252A80DD070070D9ED /* Pretendard-ExtraBold.otf */,
				0963D1232A80DD070070D9ED /* Pretendard-ExtraLight.otf */,
				0963D1292A80DD070070D9ED /* Pretendard-Light.otf */,
				0963D1262A80DD070070D9ED /* Pretendard-Medium.otf */,
				0963D1242A80DD070070D9ED /* Pretendard-Regular.otf */,
				0963D1272A80DD070070D9ED /* Pretendard-SemiBold.otf */,
				0963D1212A80DD070070D9ED /* Pretendard-Thin.otf */,
			);
			path = Fonts;
			sourceTree = "<group>";
		};
		09CF04AF2A6532D8002C9F8B /* Extension */ = {
			isa = PBXGroup;
			children = (
				092037322A810022003FA716 /* TextField.swift */,
				09CF04B02A6532E9002C9F8B /* SetLayout.swift */,
			);
			path = Extension;
			sourceTree = "<group>";
		};
		09CF04B22A653325002C9F8B /* Templates */ = {
			isa = PBXGroup;
			children = (
				09CF04B32A65333C002C9F8B /* SampleVC.swift */,
			);
			path = Templates;
			sourceTree = "<group>";
		};
		09CF04B52A65334D002C9F8B /* Util */ = {
			isa = PBXGroup;
			children = (
				09CF04B62A653355002C9F8B /* SetFont.swift */,
				0913631E2A80F13E0028669A /* mapMarker.swift */,
			);
			path = Util;
			sourceTree = "<group>";
		};
		09CF04BD2A653397002C9F8B /* Scenes */ = {
			isa = PBXGroup;
			children = (
				09D04EBC2A80D18E002F73A9 /* TabBar */,
				09CF04F42A66B968002C9F8B /* Alarm */,
				09CF04EF2A66B90C002C9F8B /* Search */,
				09CF04E82A66B836002C9F8B /* Rental */,
				09CF04CC2A65345B002C9F8B /* Auth */,
				09CF04CB2A653452002C9F8B /* Home */,
				09CF04CA2A65344C002C9F8B /* Menu */,
				09CF04C92A653445002C9F8B /* Mypage */,
			);
			path = Scenes;
			sourceTree = "<group>";
		};
		09CF04BE2A6533B3002C9F8B /* Data */ = {
			isa = PBXGroup;
			children = (
				09CF04C02A6533CE002C9F8B /* Network */,
				09CF04BF2A6533C7002C9F8B /* Model */,
			);
			path = Data;
			sourceTree = "<group>";
		};
		09CF04BF2A6533C7002C9F8B /* Model */ = {
			isa = PBXGroup;
			children = (
				09CF04C12A6533E6002C9F8B /* SampleModel.swift */,
			);
			path = Model;
			sourceTree = "<group>";
		};
		09CF04C02A6533CE002C9F8B /* Network */ = {
			isa = PBXGroup;
			children = (
				09CF04C32A6533F8002C9F8B /* Endpoint.swift */,
				09CF04C52A653415002C9F8B /* SampleManager.swift */,
				09CF04C72A65342B002C9F8B /* SampleAPI.swift */,
			);
			path = Network;
			sourceTree = "<group>";
		};
		09CF04C92A653445002C9F8B /* Mypage */ = {
			isa = PBXGroup;
			children = (
				09CF04E32A65353D002C9F8B /* Mypage.storyboard */,
				09CF04E12A653537002C9F8B /* MypageVC.swift */,
				096D1DAF2A80CED000708B51 /* ChangePwVC.swift */,
				096D1DB02A80CED000708B51 /* ContractVC.swift */,
			);
			path = Mypage;
			sourceTree = "<group>";
		};
		09CF04CA2A65344C002C9F8B /* Menu */ = {
			isa = PBXGroup;
			children = (
				09CF04E92A66B84B002C9F8B /* UserMenu */,
				09CF04EA2A66B856002C9F8B /* OwnerMenu */,
			);
			path = Menu;
			sourceTree = "<group>";
		};
		09CF04CB2A653452002C9F8B /* Home */ = {
			isa = PBXGroup;
			children = (
				09CF04D42A6534C3002C9F8B /* UserHome */,
				09CF04D32A6534B9002C9F8B /* OwnerHome */,
			);
			path = Home;
			sourceTree = "<group>";
		};
		09CF04CC2A65345B002C9F8B /* Auth */ = {
			isa = PBXGroup;
			children = (
				09CF04CF2A653477002C9F8B /* Auth.storyboard */,
				55A5D2242A817D19006AE177 /* OwnerJoinVC.swift */,
				09CF04D12A6534A0002C9F8B /* LoginVC.swift */,
				0941D3A22A80D73700153D92 /* SelectVC.swift */,
				0941D3A42A80D76700153D92 /* UserJoinVC.swift */,
			);
			path = Auth;
			sourceTree = "<group>";
		};
		09CF04D32A6534B9002C9F8B /* OwnerHome */ = {
			isa = PBXGroup;
			children = (
				09CF04D92A6534EC002C9F8B /* Owner.storyboard */,
				09CF04DB2A6534F6002C9F8B /* OwnerVC.swift */,
			);
			path = OwnerHome;
			sourceTree = "<group>";
		};
		09CF04D42A6534C3002C9F8B /* UserHome */ = {
			isa = PBXGroup;
			children = (
				09CF04D72A6534DB002C9F8B /* User.storyboard */,
				09CF04D52A6534D2002C9F8B /* UserVC.swift */,
			);
			path = UserHome;
			sourceTree = "<group>";
		};
		09CF04E82A66B836002C9F8B /* Rental */ = {
			isa = PBXGroup;
			children = (
				096D1DBF2A80CF5600708B51 /* Owner_Rental_ReturnVC.swift */,
				096D1DC12A80CF5600708B51 /* Rental_ReturnVC.swift */,
				096D1DC02A80CF5600708B51 /* StoreInfo.storyboard */,
				096D1DBC2A80CF4C00708B51 /* DoneVC.swift */,
				096D1DBB2A80CF4C00708B51 /* StoreInfoVC.swift */,
			);
			path = Rental;
			sourceTree = "<group>";
		};
		09CF04E92A66B84B002C9F8B /* UserMenu */ = {
			isa = PBXGroup;
			children = (
				09CF04DF2A653519002C9F8B /* UserMenuVC.swift */,
				096D1DB62A80CF1F00708B51 /* PaywayVC.swift */,
				096D1DB72A80CF1F00708B51 /* RecordVC.swift */,
				096D1DB52A80CF1F00708B51 /* SoldVC.swift */,
				09CF04DD2A65350D002C9F8B /* UserMenu.storyboard */,
			);
			path = UserMenu;
			sourceTree = "<group>";
		};
		09CF04EA2A66B856002C9F8B /* OwnerMenu */ = {
			isa = PBXGroup;
			children = (
				09CF04EB2A66B899002C9F8B /* OwnerMenuVC.swift */,
				096D1DB32A80CF0200708B51 /* OwnerMenuEditVC.swift */,
				09CF04ED2A66B8A6002C9F8B /* OwnerMenu.storyboard */,
			);
			path = OwnerMenu;
			sourceTree = "<group>";
		};
		09CF04EF2A66B90C002C9F8B /* Search */ = {
			isa = PBXGroup;
			children = (
				09CF04F02A66B91F002C9F8B /* Search.storyboard */,
				09CF04F22A66B948002C9F8B /* SearchVC.swift */,
				096D1DC52A80CF8800708B51 /* SearchCell.swift */,
			);
			path = Search;
			sourceTree = "<group>";
		};
		09CF04F42A66B968002C9F8B /* Alarm */ = {
			isa = PBXGroup;
			children = (
				09CF04F52A66B98C002C9F8B /* AlarmVC.swift */,
				09CF04F72A66B9A4002C9F8B /* Alarm.storyboard */,
			);
			path = Alarm;
			sourceTree = "<group>";
		};
		09D04EBC2A80D18E002F73A9 /* TabBar */ = {
			isa = PBXGroup;
			children = (
				09D04EC02A80D1E0002F73A9 /* OwnerTabBarVC.swift */,
				09D04EBD2A80D1E0002F73A9 /* test.storyboard */,
				09D04EBE2A80D1E0002F73A9 /* testVC.swift */,
				09D04EBF2A80D1E0002F73A9 /* UserTabBarVC.swift */,
			);
			path = TabBar;
			sourceTree = "<group>";
		};
		09DD5B422A65307F00EF986E = {
			isa = PBXGroup;
			children = (
				09DD5B4D2A65308000EF986E /* PARASOL */,
				09DD5B4C2A65308000EF986E /* Products */,
				6DEC96B892E946B9D2F15A5E /* Pods */,
				E5397D973343FC665AC3E131 /* Frameworks */,
			);
			sourceTree = "<group>";
		};
		09DD5B4C2A65308000EF986E /* Products */ = {
			isa = PBXGroup;
			children = (
				09DD5B4B2A65308000EF986E /* PARASOL.app */,
			);
			name = Products;
			sourceTree = "<group>";
		};
		09DD5B4D2A65308000EF986E /* PARASOL */ = {
			isa = PBXGroup;
			children = (
				09DD5B652A65308E00EF986E /* App */,
				09DD5B662A6530B800EF986E /* Global */,
				09CF04BE2A6533B3002C9F8B /* Data */,
				09CF04BD2A653397002C9F8B /* Scenes */,
			);
			path = PARASOL;
			sourceTree = "<group>";
		};
		09DD5B652A65308E00EF986E /* App */ = {
			isa = PBXGroup;
			children = (
				09DD5B502A65308000EF986E /* SceneDelegate.swift */,
				09DD5B4E2A65308000EF986E /* AppDelegate.swift */,
			);
			path = App;
			sourceTree = "<group>";
		};
		09DD5B662A6530B800EF986E /* Global */ = {
			isa = PBXGroup;
			children = (
				0963D11F2A80DC9D0070D9ED /* Fonts */,
				09CF04B52A65334D002C9F8B /* Util */,
				09CF04B22A653325002C9F8B /* Templates */,
				09CF04AF2A6532D8002C9F8B /* Extension */,
				09DD5B5F2A65308000EF986E /* Info.plist */,
				09DD5B572A65308000EF986E /* PARASOL.xcdatamodeld */,
				09DD5B682A65313300EF986E /* Resources */,
				09DD5B672A65311800EF986E /* SupportingFiles */,
			);
			path = Global;
			sourceTree = "<group>";
		};
		09DD5B672A65311800EF986E /* SupportingFiles */ = {
			isa = PBXGroup;
			children = (
				09DD5B5C2A65308000EF986E /* LaunchScreen.storyboard */,
			);
			path = SupportingFiles;
			sourceTree = "<group>";
		};
		09DD5B682A65313300EF986E /* Resources */ = {
			isa = PBXGroup;
			children = (
				09DD5B5A2A65308000EF986E /* Assets.xcassets */,
			);
			path = Resources;
			sourceTree = "<group>";
		};
		6DEC96B892E946B9D2F15A5E /* Pods */ = {
			isa = PBXGroup;
			children = (
				ECE4F505D63B149AD3B00A99 /* Pods-PARASOL.debug.xcconfig */,
				7F0289CCCC0DCC3A7DA1A916 /* Pods-PARASOL.release.xcconfig */,
			);
			path = Pods;
			sourceTree = "<group>";
		};
		E5397D973343FC665AC3E131 /* Frameworks */ = {
			isa = PBXGroup;
			children = (
				B1BA60A43B688696059FBECE /* Pods_PARASOL.framework */,
			);
			name = Frameworks;
			sourceTree = "<group>";
		};
/* End PBXGroup section */

/* Begin PBXNativeTarget section */
		09DD5B4A2A65308000EF986E /* PARASOL */ = {
			isa = PBXNativeTarget;
			buildConfigurationList = 09DD5B622A65308000EF986E /* Build configuration list for PBXNativeTarget "PARASOL" */;
			buildPhases = (
				A0F12472D42EFA187E5838B8 /* [CP] Check Pods Manifest.lock */,
				09DD5B472A65308000EF986E /* Sources */,
				09DD5B482A65308000EF986E /* Frameworks */,
				09DD5B492A65308000EF986E /* Resources */,
				93D7EB8A67256FC37D060DA1 /* [CP] Embed Pods Frameworks */,
			);
			buildRules = (
			);
			dependencies = (
			);
			name = PARASOL;
			productName = PARASOL;
			productReference = 09DD5B4B2A65308000EF986E /* PARASOL.app */;
			productType = "com.apple.product-type.application";
		};
/* End PBXNativeTarget section */

/* Begin PBXProject section */
		09DD5B432A65307F00EF986E /* Project object */ = {
			isa = PBXProject;
			attributes = {
				BuildIndependentTargetsInParallel = 1;
				LastSwiftUpdateCheck = 1430;
				LastUpgradeCheck = 1430;
				TargetAttributes = {
					09DD5B4A2A65308000EF986E = {
						CreatedOnToolsVersion = 14.3.1;
					};
				};
			};
			buildConfigurationList = 09DD5B462A65307F00EF986E /* Build configuration list for PBXProject "PARASOL" */;
			compatibilityVersion = "Xcode 14.0";
			developmentRegion = en;
			hasScannedForEncodings = 0;
			knownRegions = (
				en,
				Base,
			);
			mainGroup = 09DD5B422A65307F00EF986E;
			productRefGroup = 09DD5B4C2A65308000EF986E /* Products */;
			projectDirPath = "";
			projectRoot = "";
			targets = (
				09DD5B4A2A65308000EF986E /* PARASOL */,
			);
		};
/* End PBXProject section */

/* Begin PBXResourcesBuildPhase section */
		09DD5B492A65308000EF986E /* Resources */ = {
			isa = PBXResourcesBuildPhase;
			buildActionMask = 2147483647;
			files = (
				09CF04DE2A65350D002C9F8B /* UserMenu.storyboard in Resources */,
				09CF04D02A653477002C9F8B /* Auth.storyboard in Resources */,
				0963D12F2A80DD070070D9ED /* Pretendard-ExtraBold.otf in Resources */,
				0963D12D2A80DD070070D9ED /* Pretendard-ExtraLight.otf in Resources */,
				09CF04D82A6534DB002C9F8B /* User.storyboard in Resources */,
				0963D1332A80DD070070D9ED /* Pretendard-Light.otf in Resources */,
				09CF04EE2A66B8A6002C9F8B /* OwnerMenu.storyboard in Resources */,
				0963D12C2A80DD070070D9ED /* Pretendard-Black.otf in Resources */,
				0963D1312A80DD070070D9ED /* Pretendard-SemiBold.otf in Resources */,
				09CF04F12A66B91F002C9F8B /* Search.storyboard in Resources */,
				0963D12A2A80DD070070D9ED /* LICENSE.txt in Resources */,
				09CF04E42A65353D002C9F8B /* Mypage.storyboard in Resources */,
				0963D1302A80DD070070D9ED /* Pretendard-Medium.otf in Resources */,
				09DD5B5E2A65308000EF986E /* LaunchScreen.storyboard in Resources */,
				09DD5B5B2A65308000EF986E /* Assets.xcassets in Resources */,
				0963D12E2A80DD070070D9ED /* Pretendard-Regular.otf in Resources */,
				0963D12B2A80DD070070D9ED /* Pretendard-Thin.otf in Resources */,
				0963D1322A80DD070070D9ED /* Pretendard-Bold.otf in Resources */,
				096D1DC32A80CF5600708B51 /* StoreInfo.storyboard in Resources */,
				09CF04F82A66B9A4002C9F8B /* Alarm.storyboard in Resources */,
				09D04EC12A80D1E0002F73A9 /* test.storyboard in Resources */,
				09CF04DA2A6534EC002C9F8B /* Owner.storyboard in Resources */,
			);
			runOnlyForDeploymentPostprocessing = 0;
		};
/* End PBXResourcesBuildPhase section */

/* Begin PBXShellScriptBuildPhase section */
		93D7EB8A67256FC37D060DA1 /* [CP] Embed Pods Frameworks */ = {
			isa = PBXShellScriptBuildPhase;
			buildActionMask = 2147483647;
			files = (
			);
			inputFileListPaths = (
				"${PODS_ROOT}/Target Support Files/Pods-PARASOL/Pods-PARASOL-frameworks-${CONFIGURATION}-input-files.xcfilelist",
			);
			name = "[CP] Embed Pods Frameworks";
			outputFileListPaths = (
				"${PODS_ROOT}/Target Support Files/Pods-PARASOL/Pods-PARASOL-frameworks-${CONFIGURATION}-output-files.xcfilelist",
			);
			runOnlyForDeploymentPostprocessing = 0;
			shellPath = /bin/sh;
			shellScript = "\"${PODS_ROOT}/Target Support Files/Pods-PARASOL/Pods-PARASOL-frameworks.sh\"\n";
			showEnvVarsInLog = 0;
		};
		A0F12472D42EFA187E5838B8 /* [CP] Check Pods Manifest.lock */ = {
			isa = PBXShellScriptBuildPhase;
			buildActionMask = 2147483647;
			files = (
			);
			inputFileListPaths = (
			);
			inputPaths = (
				"${PODS_PODFILE_DIR_PATH}/Podfile.lock",
				"${PODS_ROOT}/Manifest.lock",
			);
			name = "[CP] Check Pods Manifest.lock";
			outputFileListPaths = (
			);
			outputPaths = (
				"$(DERIVED_FILE_DIR)/Pods-PARASOL-checkManifestLockResult.txt",
			);
			runOnlyForDeploymentPostprocessing = 0;
			shellPath = /bin/sh;
			shellScript = "diff \"${PODS_PODFILE_DIR_PATH}/Podfile.lock\" \"${PODS_ROOT}/Manifest.lock\" > /dev/null\nif [ $? != 0 ] ; then\n    # print error to STDERR\n    echo \"error: The sandbox is not in sync with the Podfile.lock. Run 'pod install' or update your CocoaPods installation.\" >&2\n    exit 1\nfi\n# This output is used by Xcode 'outputs' to avoid re-running this script phase.\necho \"SUCCESS\" > \"${SCRIPT_OUTPUT_FILE_0}\"\n";
			showEnvVarsInLog = 0;
		};
/* End PBXShellScriptBuildPhase section */

/* Begin PBXSourcesBuildPhase section */
		09DD5B472A65308000EF986E /* Sources */ = {
			isa = PBXSourcesBuildPhase;
			buildActionMask = 2147483647;
			files = (
				09CF04E22A653537002C9F8B /* MypageVC.swift in Sources */,
				096D1DC62A80CF8800708B51 /* SearchCell.swift in Sources */,
				09CF04C62A653415002C9F8B /* SampleManager.swift in Sources */,
				096D1DC22A80CF5600708B51 /* Owner_Rental_ReturnVC.swift in Sources */,
				09CF04DC2A6534F6002C9F8B /* OwnerVC.swift in Sources */,
				55A5D2252A817D19006AE177 /* OwnerJoinVC.swift in Sources */,
				09CF04F32A66B948002C9F8B /* SearchVC.swift in Sources */,
				096D1DC42A80CF5600708B51 /* Rental_ReturnVC.swift in Sources */,
				096D1DB82A80CF1F00708B51 /* SoldVC.swift in Sources */,
				096D1DBA2A80CF1F00708B51 /* RecordVC.swift in Sources */,
				096D1DBE2A80CF4C00708B51 /* DoneVC.swift in Sources */,
				09CF04C22A6533E6002C9F8B /* SampleModel.swift in Sources */,
				09CF04B72A653355002C9F8B /* SetFont.swift in Sources */,
				09CF04E02A653519002C9F8B /* UserMenuVC.swift in Sources */,
				096D1DB42A80CF0200708B51 /* OwnerMenuEditVC.swift in Sources */,
				09DD5B4F2A65308000EF986E /* AppDelegate.swift in Sources */,
				092037332A810022003FA716 /* TextField.swift in Sources */,
				09CF04C42A6533F8002C9F8B /* Endpoint.swift in Sources */,
				09CF04B42A65333D002C9F8B /* SampleVC.swift in Sources */,
				09CF04D62A6534D2002C9F8B /* UserVC.swift in Sources */,
				09CF04EC2A66B899002C9F8B /* OwnerMenuVC.swift in Sources */,
				0913631F2A80F13E0028669A /* mapMarker.swift in Sources */,
				096D1DB12A80CED000708B51 /* ChangePwVC.swift in Sources */,
				096D1DB22A80CED000708B51 /* ContractVC.swift in Sources */,
				096D1DBD2A80CF4C00708B51 /* StoreInfoVC.swift in Sources */,
				09DD5B592A65308000EF986E /* PARASOL.xcdatamodeld in Sources */,
				09CF04D22A6534A0002C9F8B /* LoginVC.swift in Sources */,
				09DD5B512A65308000EF986E /* SceneDelegate.swift in Sources */,
				09CF04C82A65342B002C9F8B /* SampleAPI.swift in Sources */,
				09D04EC22A80D1E0002F73A9 /* testVC.swift in Sources */,
				096D1DB92A80CF1F00708B51 /* PaywayVC.swift in Sources */,
				09CF04F62A66B98C002C9F8B /* AlarmVC.swift in Sources */,
				09CF04B12A6532E9002C9F8B /* SetLayout.swift in Sources */,
				09D04EC42A80D1E0002F73A9 /* OwnerTabBarVC.swift in Sources */,
				0941D3A32A80D73700153D92 /* SelectVC.swift in Sources */,
				09D04EC32A80D1E0002F73A9 /* UserTabBarVC.swift in Sources */,
				0941D3A52A80D76700153D92 /* UserJoinVC.swift in Sources */,
			);
			runOnlyForDeploymentPostprocessing = 0;
		};
/* End PBXSourcesBuildPhase section */

/* Begin PBXVariantGroup section */
		09DD5B5C2A65308000EF986E /* LaunchScreen.storyboard */ = {
			isa = PBXVariantGroup;
			children = (
				09DD5B5D2A65308000EF986E /* Base */,
			);
			name = LaunchScreen.storyboard;
			sourceTree = "<group>";
		};
/* End PBXVariantGroup section */

/* Begin XCBuildConfiguration section */
		09DD5B602A65308000EF986E /* Debug */ = {
			isa = XCBuildConfiguration;
			buildSettings = {
				ALWAYS_SEARCH_USER_PATHS = NO;
				CLANG_ANALYZER_NONNULL = YES;
				CLANG_ANALYZER_NUMBER_OBJECT_CONVERSION = YES_AGGRESSIVE;
				CLANG_CXX_LANGUAGE_STANDARD = "gnu++20";
				CLANG_ENABLE_MODULES = YES;
				CLANG_ENABLE_OBJC_ARC = YES;
				CLANG_ENABLE_OBJC_WEAK = YES;
				CLANG_WARN_BLOCK_CAPTURE_AUTORELEASING = YES;
				CLANG_WARN_BOOL_CONVERSION = YES;
				CLANG_WARN_COMMA = YES;
				CLANG_WARN_CONSTANT_CONVERSION = YES;
				CLANG_WARN_DEPRECATED_OBJC_IMPLEMENTATIONS = YES;
				CLANG_WARN_DIRECT_OBJC_ISA_USAGE = YES_ERROR;
				CLANG_WARN_DOCUMENTATION_COMMENTS = YES;
				CLANG_WARN_EMPTY_BODY = YES;
				CLANG_WARN_ENUM_CONVERSION = YES;
				CLANG_WARN_INFINITE_RECURSION = YES;
				CLANG_WARN_INT_CONVERSION = YES;
				CLANG_WARN_NON_LITERAL_NULL_CONVERSION = YES;
				CLANG_WARN_OBJC_IMPLICIT_RETAIN_SELF = YES;
				CLANG_WARN_OBJC_LITERAL_CONVERSION = YES;
				CLANG_WARN_OBJC_ROOT_CLASS = YES_ERROR;
				CLANG_WARN_QUOTED_INCLUDE_IN_FRAMEWORK_HEADER = YES;
				CLANG_WARN_RANGE_LOOP_ANALYSIS = YES;
				CLANG_WARN_STRICT_PROTOTYPES = YES;
				CLANG_WARN_SUSPICIOUS_MOVE = YES;
				CLANG_WARN_UNGUARDED_AVAILABILITY = YES_AGGRESSIVE;
				CLANG_WARN_UNREACHABLE_CODE = YES;
				CLANG_WARN__DUPLICATE_METHOD_MATCH = YES;
				COPY_PHASE_STRIP = NO;
				DEBUG_INFORMATION_FORMAT = dwarf;
				ENABLE_STRICT_OBJC_MSGSEND = YES;
				ENABLE_TESTABILITY = YES;
				GCC_C_LANGUAGE_STANDARD = gnu11;
				GCC_DYNAMIC_NO_PIC = NO;
				GCC_NO_COMMON_BLOCKS = YES;
				GCC_OPTIMIZATION_LEVEL = 0;
				GCC_PREPROCESSOR_DEFINITIONS = (
					"DEBUG=1",
					"$(inherited)",
				);
				GCC_WARN_64_TO_32_BIT_CONVERSION = YES;
				GCC_WARN_ABOUT_RETURN_TYPE = YES_ERROR;
				GCC_WARN_UNDECLARED_SELECTOR = YES;
				GCC_WARN_UNINITIALIZED_AUTOS = YES_AGGRESSIVE;
				GCC_WARN_UNUSED_FUNCTION = YES;
				GCC_WARN_UNUSED_VARIABLE = YES;
				IPHONEOS_DEPLOYMENT_TARGET = 16.4;
				MTL_ENABLE_DEBUG_INFO = INCLUDE_SOURCE;
				MTL_FAST_MATH = YES;
				ONLY_ACTIVE_ARCH = YES;
				SDKROOT = iphoneos;
				SWIFT_ACTIVE_COMPILATION_CONDITIONS = DEBUG;
				SWIFT_OPTIMIZATION_LEVEL = "-Onone";
			};
			name = Debug;
		};
		09DD5B612A65308000EF986E /* Release */ = {
			isa = XCBuildConfiguration;
			buildSettings = {
				ALWAYS_SEARCH_USER_PATHS = NO;
				CLANG_ANALYZER_NONNULL = YES;
				CLANG_ANALYZER_NUMBER_OBJECT_CONVERSION = YES_AGGRESSIVE;
				CLANG_CXX_LANGUAGE_STANDARD = "gnu++20";
				CLANG_ENABLE_MODULES = YES;
				CLANG_ENABLE_OBJC_ARC = YES;
				CLANG_ENABLE_OBJC_WEAK = YES;
				CLANG_WARN_BLOCK_CAPTURE_AUTORELEASING = YES;
				CLANG_WARN_BOOL_CONVERSION = YES;
				CLANG_WARN_COMMA = YES;
				CLANG_WARN_CONSTANT_CONVERSION = YES;
				CLANG_WARN_DEPRECATED_OBJC_IMPLEMENTATIONS = YES;
				CLANG_WARN_DIRECT_OBJC_ISA_USAGE = YES_ERROR;
				CLANG_WARN_DOCUMENTATION_COMMENTS = YES;
				CLANG_WARN_EMPTY_BODY = YES;
				CLANG_WARN_ENUM_CONVERSION = YES;
				CLANG_WARN_INFINITE_RECURSION = YES;
				CLANG_WARN_INT_CONVERSION = YES;
				CLANG_WARN_NON_LITERAL_NULL_CONVERSION = YES;
				CLANG_WARN_OBJC_IMPLICIT_RETAIN_SELF = YES;
				CLANG_WARN_OBJC_LITERAL_CONVERSION = YES;
				CLANG_WARN_OBJC_ROOT_CLASS = YES_ERROR;
				CLANG_WARN_QUOTED_INCLUDE_IN_FRAMEWORK_HEADER = YES;
				CLANG_WARN_RANGE_LOOP_ANALYSIS = YES;
				CLANG_WARN_STRICT_PROTOTYPES = YES;
				CLANG_WARN_SUSPICIOUS_MOVE = YES;
				CLANG_WARN_UNGUARDED_AVAILABILITY = YES_AGGRESSIVE;
				CLANG_WARN_UNREACHABLE_CODE = YES;
				CLANG_WARN__DUPLICATE_METHOD_MATCH = YES;
				COPY_PHASE_STRIP = NO;
				DEBUG_INFORMATION_FORMAT = "dwarf-with-dsym";
				ENABLE_NS_ASSERTIONS = NO;
				ENABLE_STRICT_OBJC_MSGSEND = YES;
				GCC_C_LANGUAGE_STANDARD = gnu11;
				GCC_NO_COMMON_BLOCKS = YES;
				GCC_WARN_64_TO_32_BIT_CONVERSION = YES;
				GCC_WARN_ABOUT_RETURN_TYPE = YES_ERROR;
				GCC_WARN_UNDECLARED_SELECTOR = YES;
				GCC_WARN_UNINITIALIZED_AUTOS = YES_AGGRESSIVE;
				GCC_WARN_UNUSED_FUNCTION = YES;
				GCC_WARN_UNUSED_VARIABLE = YES;
				IPHONEOS_DEPLOYMENT_TARGET = 16.4;
				MTL_ENABLE_DEBUG_INFO = NO;
				MTL_FAST_MATH = YES;
				SDKROOT = iphoneos;
				SWIFT_COMPILATION_MODE = wholemodule;
				SWIFT_OPTIMIZATION_LEVEL = "-O";
				VALIDATE_PRODUCT = YES;
			};
			name = Release;
		};
		09DD5B632A65308000EF986E /* Debug */ = {
			isa = XCBuildConfiguration;
			baseConfigurationReference = ECE4F505D63B149AD3B00A99 /* Pods-PARASOL.debug.xcconfig */;
			buildSettings = {
				ASSETCATALOG_COMPILER_APPICON_NAME = AppIcon;
				ASSETCATALOG_COMPILER_GLOBAL_ACCENT_COLOR_NAME = AccentColor;
				CODE_SIGN_STYLE = Automatic;
				CURRENT_PROJECT_VERSION = 1;
				DEVELOPMENT_TEAM = "";
				GENERATE_INFOPLIST_FILE = YES;
				INFOPLIST_FILE = PARASOL/Global/Info.plist;
				INFOPLIST_KEY_CFBundleDisplayName = "파라솔";
				INFOPLIST_KEY_UIApplicationSupportsIndirectInputEvents = YES;
				INFOPLIST_KEY_UILaunchStoryboardName = LaunchScreen;
				INFOPLIST_KEY_UIMainStoryboardFile = Auth;
				INFOPLIST_KEY_UISupportedInterfaceOrientations_iPad = "UIInterfaceOrientationPortrait UIInterfaceOrientationPortraitUpsideDown UIInterfaceOrientationLandscapeLeft UIInterfaceOrientationLandscapeRight";
				INFOPLIST_KEY_UISupportedInterfaceOrientations_iPhone = "UIInterfaceOrientationPortrait UIInterfaceOrientationLandscapeLeft UIInterfaceOrientationLandscapeRight";
				LD_RUNPATH_SEARCH_PATHS = (
					"$(inherited)",
					"@executable_path/Frameworks",
				);
				MARKETING_VERSION = 1.0;
				PRODUCT_BUNDLE_IDENTIFIER = com.PARASOL;
				PRODUCT_NAME = "$(TARGET_NAME)";
				SWIFT_EMIT_LOC_STRINGS = YES;
				SWIFT_VERSION = 5.0;
				TARGETED_DEVICE_FAMILY = "1,2";
			};
			name = Debug;
		};
		09DD5B642A65308000EF986E /* Release */ = {
			isa = XCBuildConfiguration;
			baseConfigurationReference = 7F0289CCCC0DCC3A7DA1A916 /* Pods-PARASOL.release.xcconfig */;
			buildSettings = {
				ASSETCATALOG_COMPILER_APPICON_NAME = AppIcon;
				ASSETCATALOG_COMPILER_GLOBAL_ACCENT_COLOR_NAME = AccentColor;
				CODE_SIGN_STYLE = Automatic;
				CURRENT_PROJECT_VERSION = 1;
				DEVELOPMENT_TEAM = "";
				GENERATE_INFOPLIST_FILE = YES;
				INFOPLIST_FILE = PARASOL/Global/Info.plist;
				INFOPLIST_KEY_CFBundleDisplayName = "파라솔";
				INFOPLIST_KEY_UIApplicationSupportsIndirectInputEvents = YES;
				INFOPLIST_KEY_UILaunchStoryboardName = LaunchScreen;
				INFOPLIST_KEY_UIMainStoryboardFile = Auth;
				INFOPLIST_KEY_UISupportedInterfaceOrientations_iPad = "UIInterfaceOrientationPortrait UIInterfaceOrientationPortraitUpsideDown UIInterfaceOrientationLandscapeLeft UIInterfaceOrientationLandscapeRight";
				INFOPLIST_KEY_UISupportedInterfaceOrientations_iPhone = "UIInterfaceOrientationPortrait UIInterfaceOrientationLandscapeLeft UIInterfaceOrientationLandscapeRight";
				LD_RUNPATH_SEARCH_PATHS = (
					"$(inherited)",
					"@executable_path/Frameworks",
				);
				MARKETING_VERSION = 1.0;
				PRODUCT_BUNDLE_IDENTIFIER = com.PARASOL;
				PRODUCT_NAME = "$(TARGET_NAME)";
				SWIFT_EMIT_LOC_STRINGS = YES;
				SWIFT_VERSION = 5.0;
				TARGETED_DEVICE_FAMILY = "1,2";
			};
			name = Release;
		};
/* End XCBuildConfiguration section */

/* Begin XCConfigurationList section */
		09DD5B462A65307F00EF986E /* Build configuration list for PBXProject "PARASOL" */ = {
			isa = XCConfigurationList;
			buildConfigurations = (
				09DD5B602A65308000EF986E /* Debug */,
				09DD5B612A65308000EF986E /* Release */,
			);
			defaultConfigurationIsVisible = 0;
			defaultConfigurationName = Release;
		};
		09DD5B622A65308000EF986E /* Build configuration list for PBXNativeTarget "PARASOL" */ = {
			isa = XCConfigurationList;
			buildConfigurations = (
				09DD5B632A65308000EF986E /* Debug */,
				09DD5B642A65308000EF986E /* Release */,
			);
			defaultConfigurationIsVisible = 0;
			defaultConfigurationName = Release;
		};
/* End XCConfigurationList section */

/* Begin XCVersionGroup section */
		09DD5B572A65308000EF986E /* PARASOL.xcdatamodeld */ = {
			isa = XCVersionGroup;
			children = (
				09DD5B582A65308000EF986E /* PARASOL.xcdatamodel */,
			);
			currentVersion = 09DD5B582A65308000EF986E /* PARASOL.xcdatamodel */;
			path = PARASOL.xcdatamodeld;
			sourceTree = "<group>";
			versionGroupType = wrapper.xcdatamodel;
		};
/* End XCVersionGroup section */
	};
	rootObject = 09DD5B432A65307F00EF986E /* Project object */;
}
